
Microsoft Visual Studio Solution File, Format Version 12.00
# Visual Studio 15
VisualStudioVersion = 15.0.28010.2050
MinimumVisualStudioVersion = 10.0.40219.1
Project("{FAE04EC0-301F-11D3-BF4B-00C04F79EFBC}") = "StudentSystem", "P01.StudentSystem\StudentSystem.csproj", "{401A9403-1A04-48E8-B63E-CDC856C39154}"
EndProject
Global
	GlobalSection(SolutionConfigurationPlatforms) = preSolution
		Debug|Any CPU = Debug|Any CPU
		Release|Any CPU = Release|Any CPU
	EndGlobalSection
	GlobalSection(ProjectConfigurationPlatforms) = postSolution
		{401A9403-1A04-48E8-B63E-CDC856C39154}.Debug|Any CPU.ActiveCfg = Debug|Any CPU
		{401A9403-1A04-48E8-B63E-CDC856C39154}.Debug|Any CPU.Build.0 = Debug|Any CPU
		{401A9403-1A04-48E8-B63E-CDC856C39154}.Release|Any CPU.ActiveCfg = Release|Any CPU
		{401A9403-1A04-48E8-B63E-CDC856C39154}.Release|Any CPU.Build.0 = Release|Any CPU
	EndGlobalSection
	GlobalSection(SolutionProperties) = preSolution
		HideSolutionNode = FALSE
	EndGlobalSection
	GlobalSection(ExtensibilityGlobals) = postSolution
		SolutionGuid = {44AFB101-E4D5-46CC-BA7A-341F0405FA17}
	EndGlobalSection
EndGlobal
