
Microsoft Visual Studio Solution File, Format Version 12.00
# Visual Studio 15
VisualStudioVersion = 15.0.28010.2050
MinimumVisualStudioVersion = 10.0.40219.1
Project("{9A19103F-16F7-4668-BE54-9A1E7A4F7556}") = "SocialNetwork.Data", "SocialNetwork\SocialNetwork.Data.csproj", "{4E021D95-660C-40E2-8B04-A3D8B4204047}"
EndProject
Project("{FAE04EC0-301F-11D3-BF4B-00C04F79EFBC}") = "SocialNetwork.Models", "SocialNetwork.Data\SocialNetwork.Models.csproj", "{C6A70787-63CB-4802-995D-A5A0C4A04D95}"
EndProject
Project("{FAE04EC0-301F-11D3-BF4B-00C04F79EFBC}") = "SocialNetwork.App", "SocialNetwork.App\SocialNetwork.App.csproj", "{85D199B0-1811-4E37-BE9D-30F886EAD57B}"
EndProject
Global
	GlobalSection(SolutionConfigurationPlatforms) = preSolution
		Debug|Any CPU = Debug|Any CPU
		Release|Any CPU = Release|Any CPU
	EndGlobalSection
	GlobalSection(ProjectConfigurationPlatforms) = postSolution
		{4E021D95-660C-40E2-8B04-A3D8B4204047}.Debug|Any CPU.ActiveCfg = Debug|Any CPU
		{4E021D95-660C-40E2-8B04-A3D8B4204047}.Debug|Any CPU.Build.0 = Debug|Any CPU
		{4E021D95-660C-40E2-8B04-A3D8B4204047}.Release|Any CPU.ActiveCfg = Release|Any CPU
		{4E021D95-660C-40E2-8B04-A3D8B4204047}.Release|Any CPU.Build.0 = Release|Any CPU
		{C6A70787-63CB-4802-995D-A5A0C4A04D95}.Debug|Any CPU.ActiveCfg = Debug|Any CPU
		{C6A70787-63CB-4802-995D-A5A0C4A04D95}.Debug|Any CPU.Build.0 = Debug|Any CPU
		{C6A70787-63CB-4802-995D-A5A0C4A04D95}.Release|Any CPU.ActiveCfg = Release|Any CPU
		{C6A70787-63CB-4802-995D-A5A0C4A04D95}.Release|Any CPU.Build.0 = Release|Any CPU
		{85D199B0-1811-4E37-BE9D-30F886EAD57B}.Debug|Any CPU.ActiveCfg = Debug|Any CPU
		{85D199B0-1811-4E37-BE9D-30F886EAD57B}.Debug|Any CPU.Build.0 = Debug|Any CPU
		{85D199B0-1811-4E37-BE9D-30F886EAD57B}.Release|Any CPU.ActiveCfg = Release|Any CPU
		{85D199B0-1811-4E37-BE9D-30F886EAD57B}.Release|Any CPU.Build.0 = Release|Any CPU
	EndGlobalSection
	GlobalSection(SolutionProperties) = preSolution
		HideSolutionNode = FALSE
	EndGlobalSection
	GlobalSection(ExtensibilityGlobals) = postSolution
		SolutionGuid = {8A8A742B-8A46-40F4-B5A0-C4FE3F9EC62C}
	EndGlobalSection
EndGlobal
